{
  "version": 4,
  "terraform_version": "1.12.2",
  "serial": 23,
  "lineage": "8d0d6aa1-e5af-9419-eddb-0c3669cd4703",
  "outputs": {},
  "resources": [
    {
      "mode": "managed",
      "type": "google_compute_firewall",
      "name": "allow_ssh",
      "provider": "provider[\"registry.terraform.io/hashicorp/google\"]",
      "instances": [
        {
          "schema_version": 1,
          "attributes": {
            "allow": [
              {
                "ports": [
                  "22"
                ],
                "protocol": "tcp"
              }
            ],
            "creation_timestamp": "2025-08-03T02:46:46.956-07:00",
            "deny": [],
            "description": "",
            "destination_ranges": [],
            "direction": "INGRESS",
            "disabled": false,
            "enable_logging": null,
            "id": "projects/jec-project-466605/global/firewalls/allow-ssh-jec",
            "log_config": [],
            "name": "allow-ssh-jec",
            "network": "https://www.googleapis.com/compute/v1/projects/jec-project-466605/global/networks/default",
            "params": [],
            "priority": 1000,
            "project": "jec-project-466605",
            "self_link": "https://www.googleapis.com/compute/v1/projects/jec-project-466605/global/firewalls/allow-ssh-jec",
            "source_ranges": [
              "0.0.0.0/0"
            ],
            "source_service_accounts": null,
            "source_tags": null,
            "target_service_accounts": null,
            "target_tags": [
              "allow-ssh"
            ],
            "timeouts": null
          },
          "sensitive_attributes": [],
          "identity_schema_version": 0,
          "private": "eyJlMmJmYjczMC1lY2FhLTExZTYtOGY4OC0zNDM2M2JjN2M0YzAiOnsiY3JlYXRlIjoxMjAwMDAwMDAwMDAwLCJkZWxldGUiOjEyMDAwMDAwMDAwMDAsInVwZGF0ZSI6MTIwMDAwMDAwMDAwMH0sInNjaGVtYV92ZXJzaW9uIjoiMSJ9"
        }
      ]
    },
    {
      "mode": "managed",
      "type": "google_compute_instance",
      "name": "jec_vm",
      "provider": "provider[\"registry.terraform.io/hashicorp/google\"]",
      "instances": [
        {
          "schema_version": 6,
          "attributes": {
            "advanced_machine_features": [],
            "allow_stopping_for_update": null,
            "attached_disk": [],
            "boot_disk": [
              {
                "auto_delete": true,
                "device_name": "persistent-disk-0",
                "disk_encryption_key_raw": "",
                "disk_encryption_key_rsa": "",
                "disk_encryption_key_sha256": "",
                "disk_encryption_service_account": "",
                "force_attach": false,
                "guest_os_features": [
                  "VIRTIO_SCSI_MULTIQUEUE",
                  "SEV_CAPABLE",
                  "SEV_SNP_CAPABLE",
                  "SEV_LIVE_MIGRATABLE",
                  "SEV_LIVE_MIGRATABLE_V2",
                  "IDPF",
                  "TDX_CAPABLE",
                  "UEFI_COMPATIBLE",
                  "GVNIC"
                ],
                "initialize_params": [
                  {
                    "architecture": "X86_64",
                    "enable_confidential_compute": false,
                    "image": "https://www.googleapis.com/compute/v1/projects/ubuntu-os-cloud/global/images/ubuntu-minimal-2504-plucky-amd64-v20250708",
                    "labels": {},
                    "provisioned_iops": 0,
                    "provisioned_throughput": 0,
                    "resource_manager_tags": null,
                    "resource_policies": [],
                    "size": 30,
                    "snapshot": "",
                    "source_image_encryption_key": [],
                    "source_snapshot_encryption_key": [],
                    "storage_pool": "",
                    "type": "pd-standard"
                  }
                ],
                "interface": "",
                "kms_key_self_link": "",
                "mode": "READ_WRITE",
                "source": "https://www.googleapis.com/compute/v1/projects/jec-project-466605/zones/us-central1-a/disks/jec"
              }
            ],
            "can_ip_forward": false,
            "confidential_instance_config": [],
            "cpu_platform": "Intel Cascade Lake",
            "creation_timestamp": "2025-08-03T02:46:50.642-07:00",
            "current_status": "RUNNING",
            "deletion_protection": false,
            "description": "",
            "desired_status": null,
            "effective_labels": {
              "goog-terraform-provisioned": "true"
            },
            "enable_display": false,
            "guest_accelerator": [],
            "hostname": "",
            "id": "projects/jec-project-466605/zones/us-central1-a/instances/jec",
            "instance_encryption_key": [],
            "instance_id": "4019064758943780581",
            "key_revocation_action_type": "",
            "label_fingerprint": "vezUS-42LLM=",
            "labels": null,
            "machine_type": "n2-highcpu-8",
            "metadata": {
              "ssh-keys": "ray:ssh-ed25519 AAAAC3NzaC1lZDI1NTE5AAAAICunYr8q+3s1AOOB/sWgQkzxavVQEUC05CShhUe7qi+X",
              "startup-script": "#!/bin/bash\n\nexec \u003e \u003e(tee -a /var/log/startup-script.log)\nexec 2\u003e\u00261\n\necho \"Starting setup script at $(date)\"\n\napt update \u0026\u0026 apt upgrade -y\n\necho \"Installing Git...\"\napt install git -y\n\ngit config --global user.name \"JEC User\"\ngit config --global user.email \"user@jec-project.com\"\n\necho \"Git version: $(git --version)\"\n\necho \"Installing Docker...\"\napt install ca-certificates curl -y\ninstall -m 0755 -d /etc/apt/keyrings\ncurl -fsSL https://download.docker.com/linux/ubuntu/gpg -o /etc/apt/keyrings/docker.asc\nchmod a+r /etc/apt/keyrings/docker.asc\n\necho \\\n  \"deb [arch=$(dpkg --print-architecture) signed-by=/etc/apt/keyrings/docker.asc] https://download.docker.com/linux/ubuntu \\\n  $(. /etc/os-release \u0026\u0026 echo \"$VERSION_CODENAME\") stable\" | \\\n  tee /etc/apt/sources.list.d/docker.list \u003e /dev/null\n\napt update\napt install docker-ce docker-ce-cli containerd.io docker-buildx-plugin docker-compose-plugin docker-compose -y\n\ngroupadd docker 2\u003e/dev/null || true\nusermod -aG docker ray\n\nsystemctl start docker\nsystemctl enable docker\n\ndocker run hello-world\n\necho \"Setup completed at $(date)\"\necho \"Docker version: $(docker --version)\"\necho \"Docker Compose version: $(docker-compose --version)\"\n\ntouch /home/ray/setup-complete.txt\nchown ray:ray /home/ray/setup-complete.txt"
            },
            "metadata_fingerprint": "LZZgjC5G0PU=",
            "metadata_startup_script": null,
            "min_cpu_platform": "",
            "name": "jec",
            "network_interface": [
              {
                "access_config": [
                  {
                    "nat_ip": "34.9.78.197",
                    "network_tier": "PREMIUM",
                    "public_ptr_domain_name": ""
                  }
                ],
                "alias_ip_range": [],
                "internal_ipv6_prefix_length": 0,
                "ipv6_access_config": [],
                "ipv6_access_type": "",
                "ipv6_address": "",
                "name": "nic0",
                "network": "https://www.googleapis.com/compute/v1/projects/jec-project-466605/global/networks/default",
                "network_attachment": "",
                "network_ip": "10.128.0.6",
                "nic_type": "",
                "queue_count": 0,
                "stack_type": "IPV4_ONLY",
                "subnetwork": "https://www.googleapis.com/compute/v1/projects/jec-project-466605/regions/us-central1/subnetworks/default",
                "subnetwork_project": "jec-project-466605"
              }
            ],
            "network_performance_config": [],
            "params": [],
            "project": "jec-project-466605",
            "reservation_affinity": [],
            "resource_policies": null,
            "scheduling": [
              {
                "automatic_restart": true,
                "availability_domain": 0,
                "instance_termination_action": "",
                "local_ssd_recovery_timeout": [],
                "max_run_duration": [],
                "min_node_cpus": 0,
                "node_affinities": [],
                "on_host_maintenance": "MIGRATE",
                "on_instance_stop_action": [],
                "preemptible": false,
                "provisioning_model": "STANDARD",
                "termination_time": ""
              }
            ],
            "scratch_disk": [],
            "self_link": "https://www.googleapis.com/compute/v1/projects/jec-project-466605/zones/us-central1-a/instances/jec",
            "service_account": [],
            "shielded_instance_config": [
              {
                "enable_integrity_monitoring": true,
                "enable_secure_boot": false,
                "enable_vtpm": true
              }
            ],
            "tags": [
              "allow-ssh",
              "jec"
            ],
            "tags_fingerprint": "ujz9Zwr8220=",
            "terraform_labels": {
              "goog-terraform-provisioned": "true"
            },
            "timeouts": null,
            "zone": "us-central1-a"
          },
          "sensitive_attributes": [
            [
              {
                "type": "get_attr",
                "value": "boot_disk"
              },
              {
                "type": "index",
                "value": {
                  "value": 0,
                  "type": "number"
                }
              },
              {
                "type": "get_attr",
                "value": "disk_encryption_key_raw"
              }
            ],
            [
              {
                "type": "get_attr",
                "value": "boot_disk"
              },
              {
                "type": "index",
                "value": {
                  "value": 0,
                  "type": "number"
                }
              },
              {
                "type": "get_attr",
                "value": "disk_encryption_key_rsa"
              }
            ]
          ],
          "identity_schema_version": 0,
          "private": "eyJlMmJmYjczMC1lY2FhLTExZTYtOGY4OC0zNDM2M2JjN2M0YzAiOnsiY3JlYXRlIjoxMjAwMDAwMDAwMDAwLCJkZWxldGUiOjEyMDAwMDAwMDAwMDAsInVwZGF0ZSI6MTIwMDAwMDAwMDAwMH0sInNjaGVtYV92ZXJzaW9uIjoiNiJ9"
        }
      ]
    }
  ],
  "check_results": null
}
